// !$*UTF8*$!
{
	archiveVersion = 1;
	classes = {
	};
	objectVersion = 46;
	objects = {

/* Begin PBXBuildFile section */
		7A183FC41BDDDC1D00B37B47 /* FavoritesTableViewCell.swift in Sources */ = {isa = PBXBuildFile; fileRef = 7A183FC31BDDDC1D00B37B47 /* FavoritesTableViewCell.swift */; };
		7A183FC71BDDDF5100B37B47 /* DetailsViewController.swift in Sources */ = {isa = PBXBuildFile; fileRef = 7A183FC61BDDDF5100B37B47 /* DetailsViewController.swift */; };
		7A183FCA1BDDE84800B37B47 /* DetailsTableViewCell.swift in Sources */ = {isa = PBXBuildFile; fileRef = 7A183FC91BDDE84800B37B47 /* DetailsTableViewCell.swift */; };
		7A183FCC1BDE791200B37B47 /* ReviewViewController.swift in Sources */ = {isa = PBXBuildFile; fileRef = 7A183FCB1BDE791200B37B47 /* ReviewViewController.swift */; };
		7A183FCE1BDE7C1B00B37B47 /* MapKit.framework in Frameworks */ = {isa = PBXBuildFile; fileRef = 7A183FCD1BDE7C1B00B37B47 /* MapKit.framework */; };
		7A183FD11BDE7D0400B37B47 /* MapViewController.swift in Sources */ = {isa = PBXBuildFile; fileRef = 7A183FD01BDE7D0400B37B47 /* MapViewController.swift */; };
		7A183FD51BDF26E300B37B47 /* Place.swift in Sources */ = {isa = PBXBuildFile; fileRef = 7A183FD41BDF26E300B37B47 /* Place.swift */; };
		7A183FD71BDF27B500B37B47 /* AddPlaceTableViewController.swift in Sources */ = {isa = PBXBuildFile; fileRef = 7A183FD61BDF27B500B37B47 /* AddPlaceTableViewController.swift */; };
		7A183FDA1BE05EDC00B37B47 /* Wasei.xcdatamodeld in Sources */ = {isa = PBXBuildFile; fileRef = 7A183FD81BE05EDC00B37B47 /* Wasei.xcdatamodeld */; };
		7A183FDC1BE11A6400B37B47 /* WalkthroughContentViewController.swift in Sources */ = {isa = PBXBuildFile; fileRef = 7A183FDB1BE11A6400B37B47 /* WalkthroughContentViewController.swift */; };
		7A183FDE1BE11B4D00B37B47 /* WalkthroughPageViewController.swift in Sources */ = {isa = PBXBuildFile; fileRef = 7A183FDD1BE11B4D00B37B47 /* WalkthroughPageViewController.swift */; };
		7A183FE11BE124EF00B37B47 /* WebViewController.swift in Sources */ = {isa = PBXBuildFile; fileRef = 7A183FE01BE124EF00B37B47 /* WebViewController.swift */; };
		7A183FE41BE20B3B00B37B47 /* CloudKit.framework in Frameworks */ = {isa = PBXBuildFile; fileRef = 7A183FE31BE20B3B00B37B47 /* CloudKit.framework */; };
		7AA3F3BB1BDA2BAB00DFE0AB /* AppDelegate.swift in Sources */ = {isa = PBXBuildFile; fileRef = 7AA3F3BA1BDA2BAB00DFE0AB /* AppDelegate.swift */; };
		7AA3F3C01BDA2BAB00DFE0AB /* Main.storyboard in Resources */ = {isa = PBXBuildFile; fileRef = 7AA3F3BE1BDA2BAB00DFE0AB /* Main.storyboard */; };
		7AA3F3C21BDA2BAB00DFE0AB /* Assets.xcassets in Resources */ = {isa = PBXBuildFile; fileRef = 7AA3F3C11BDA2BAB00DFE0AB /* Assets.xcassets */; };
		7AA3F3C51BDA2BAB00DFE0AB /* LaunchScreen.storyboard in Resources */ = {isa = PBXBuildFile; fileRef = 7AA3F3C31BDA2BAB00DFE0AB /* LaunchScreen.storyboard */; };
		7AA3F3D01BDA2BAB00DFE0AB /* WaseiTests.swift in Sources */ = {isa = PBXBuildFile; fileRef = 7AA3F3CF1BDA2BAB00DFE0AB /* WaseiTests.swift */; };
		7AA3F3DB1BDA2BAB00DFE0AB /* WaseiUITests.swift in Sources */ = {isa = PBXBuildFile; fileRef = 7AA3F3DA1BDA2BAB00DFE0AB /* WaseiUITests.swift */; };
		7AA3F3F61BDA2D3E00DFE0AB /* RAMBounceAnimation.swift in Sources */ = {isa = PBXBuildFile; fileRef = 7AA3F3EB1BDA2D3E00DFE0AB /* RAMBounceAnimation.swift */; };
		7AA3F3F71BDA2D3E00DFE0AB /* RAMFrameItemAnimation.swift in Sources */ = {isa = PBXBuildFile; fileRef = 7AA3F3ED1BDA2D3E00DFE0AB /* RAMFrameItemAnimation.swift */; };
		7AA3F3F81BDA2D3E00DFE0AB /* RAMFumeAnimation.swift in Sources */ = {isa = PBXBuildFile; fileRef = 7AA3F3EF1BDA2D3E00DFE0AB /* RAMFumeAnimation.swift */; };
		7AA3F3F91BDA2D3E00DFE0AB /* RAMRotationAnimation.swift in Sources */ = {isa = PBXBuildFile; fileRef = 7AA3F3F11BDA2D3E00DFE0AB /* RAMRotationAnimation.swift */; };
		7AA3F3FA1BDA2D3E00DFE0AB /* RAMTransitionItemAnimation.swift in Sources */ = {isa = PBXBuildFile; fileRef = 7AA3F3F31BDA2D3E00DFE0AB /* RAMTransitionItemAnimation.swift */; };
		7AA3F3FB1BDA2D3E00DFE0AB /* RAMAnimatedTabBarController.swift in Sources */ = {isa = PBXBuildFile; fileRef = 7AA3F3F41BDA2D3E00DFE0AB /* RAMAnimatedTabBarController.swift */; };
		7AA3F3FC1BDA2D3E00DFE0AB /* RAMItemAnimationProtocol.swift in Sources */ = {isa = PBXBuildFile; fileRef = 7AA3F3F51BDA2D3E00DFE0AB /* RAMItemAnimationProtocol.swift */; };
		7AA3F3FE1BDA322400DFE0AB /* FavoritesTableViewController.swift in Sources */ = {isa = PBXBuildFile; fileRef = 7AA3F3FD1BDA322400DFE0AB /* FavoritesTableViewController.swift */; };
		7AA3F4041BDA374A00DFE0AB /* ExploreTableViewController.swift in Sources */ = {isa = PBXBuildFile; fileRef = 7AA3F4031BDA374A00DFE0AB /* ExploreTableViewController.swift */; };
		7ACE797F1BDA4FCF0083A4AC /* AboutTableViewController.swift in Sources */ = {isa = PBXBuildFile; fileRef = 7ACE797E1BDA4FCF0083A4AC /* AboutTableViewController.swift */; };
/* End PBXBuildFile section */

/* Begin PBXContainerItemProxy section */
		7AA3F3CC1BDA2BAB00DFE0AB /* PBXContainerItemProxy */ = {
			isa = PBXContainerItemProxy;
			containerPortal = 7AA3F3AF1BDA2BAB00DFE0AB /* Project object */;
			proxyType = 1;
			remoteGlobalIDString = 7AA3F3B61BDA2BAB00DFE0AB;
			remoteInfo = Wasei;
		};
		7AA3F3D71BDA2BAB00DFE0AB /* PBXContainerItemProxy */ = {
			isa = PBXContainerItemProxy;
			containerPortal = 7AA3F3AF1BDA2BAB00DFE0AB /* Project object */;
			proxyType = 1;
			remoteGlobalIDString = 7AA3F3B61BDA2BAB00DFE0AB;
			remoteInfo = Wasei;
		};
/* End PBXContainerItemProxy section */

/* Begin PBXFileReference section */
		7A183FC31BDDDC1D00B37B47 /* FavoritesTableViewCell.swift */ = {isa = PBXFileReference; fileEncoding = 4; lastKnownFileType = sourcecode.swift; path = FavoritesTableViewCell.swift; sourceTree = "<group>"; };
		7A183FC61BDDDF5100B37B47 /* DetailsViewController.swift */ = {isa = PBXFileReference; fileEncoding = 4; lastKnownFileType = sourcecode.swift; path = DetailsViewController.swift; sourceTree = "<group>"; };
		7A183FC91BDDE84800B37B47 /* DetailsTableViewCell.swift */ = {isa = PBXFileReference; fileEncoding = 4; lastKnownFileType = sourcecode.swift; path = DetailsTableViewCell.swift; sourceTree = "<group>"; };
		7A183FCB1BDE791200B37B47 /* ReviewViewController.swift */ = {isa = PBXFileReference; fileEncoding = 4; lastKnownFileType = sourcecode.swift; name = ReviewViewController.swift; path = Assets.xcassets/ReviewViewController.swift; sourceTree = "<group>"; };
		7A183FCD1BDE7C1B00B37B47 /* MapKit.framework */ = {isa = PBXFileReference; lastKnownFileType = wrapper.framework; name = MapKit.framework; path = System/Library/Frameworks/MapKit.framework; sourceTree = SDKROOT; };
		7A183FD01BDE7D0400B37B47 /* MapViewController.swift */ = {isa = PBXFileReference; fileEncoding = 4; lastKnownFileType = sourcecode.swift; path = MapViewController.swift; sourceTree = "<group>"; };
		7A183FD41BDF26E300B37B47 /* Place.swift */ = {isa = PBXFileReference; fileEncoding = 4; lastKnownFileType = sourcecode.swift; path = Place.swift; sourceTree = "<group>"; };
		7A183FD61BDF27B500B37B47 /* AddPlaceTableViewController.swift */ = {isa = PBXFileReference; fileEncoding = 4; lastKnownFileType = sourcecode.swift; path = AddPlaceTableViewController.swift; sourceTree = "<group>"; };
		7A183FD91BE05EDC00B37B47 /* Wasei.xcdatamodel */ = {isa = PBXFileReference; lastKnownFileType = wrapper.xcdatamodel; path = Wasei.xcdatamodel; sourceTree = "<group>"; };
		7A183FDB1BE11A6400B37B47 /* WalkthroughContentViewController.swift */ = {isa = PBXFileReference; fileEncoding = 4; lastKnownFileType = sourcecode.swift; path = WalkthroughContentViewController.swift; sourceTree = "<group>"; };
		7A183FDD1BE11B4D00B37B47 /* WalkthroughPageViewController.swift */ = {isa = PBXFileReference; fileEncoding = 4; lastKnownFileType = sourcecode.swift; path = WalkthroughPageViewController.swift; sourceTree = "<group>"; };
		7A183FE01BE124EF00B37B47 /* WebViewController.swift */ = {isa = PBXFileReference; fileEncoding = 4; lastKnownFileType = sourcecode.swift; path = WebViewController.swift; sourceTree = "<group>"; };
		7A183FE21BE20B2B00B37B47 /* Wasei.entitlements */ = {isa = PBXFileReference; lastKnownFileType = text.xml; path = Wasei.entitlements; sourceTree = "<group>"; };
		7A183FE31BE20B3B00B37B47 /* CloudKit.framework */ = {isa = PBXFileReference; lastKnownFileType = wrapper.framework; name = CloudKit.framework; path = System/Library/Frameworks/CloudKit.framework; sourceTree = SDKROOT; };
		7AA3F3B71BDA2BAB00DFE0AB /* Wasei.app */ = {isa = PBXFileReference; explicitFileType = wrapper.application; includeInIndex = 0; path = Wasei.app; sourceTree = BUILT_PRODUCTS_DIR; };
		7AA3F3BA1BDA2BAB00DFE0AB /* AppDelegate.swift */ = {isa = PBXFileReference; lastKnownFileType = sourcecode.swift; path = AppDelegate.swift; sourceTree = "<group>"; };
		7AA3F3BF1BDA2BAB00DFE0AB /* Base */ = {isa = PBXFileReference; lastKnownFileType = file.storyboard; name = Base; path = Base.lproj/Main.storyboard; sourceTree = "<group>"; };
		7AA3F3C11BDA2BAB00DFE0AB /* Assets.xcassets */ = {isa = PBXFileReference; lastKnownFileType = folder.assetcatalog; path = Assets.xcassets; sourceTree = "<group>"; };
		7AA3F3C41BDA2BAB00DFE0AB /* Base */ = {isa = PBXFileReference; lastKnownFileType = file.storyboard; name = Base; path = Base.lproj/LaunchScreen.storyboard; sourceTree = "<group>"; };
		7AA3F3C61BDA2BAB00DFE0AB /* Info.plist */ = {isa = PBXFileReference; lastKnownFileType = text.plist.xml; path = Info.plist; sourceTree = "<group>"; };
		7AA3F3CB1BDA2BAB00DFE0AB /* WaseiTests.xctest */ = {isa = PBXFileReference; explicitFileType = wrapper.cfbundle; includeInIndex = 0; path = WaseiTests.xctest; sourceTree = BUILT_PRODUCTS_DIR; };
		7AA3F3CF1BDA2BAB00DFE0AB /* WaseiTests.swift */ = {isa = PBXFileReference; lastKnownFileType = sourcecode.swift; path = WaseiTests.swift; sourceTree = "<group>"; };
		7AA3F3D11BDA2BAB00DFE0AB /* Info.plist */ = {isa = PBXFileReference; lastKnownFileType = text.plist.xml; path = Info.plist; sourceTree = "<group>"; };
		7AA3F3D61BDA2BAB00DFE0AB /* WaseiUITests.xctest */ = {isa = PBXFileReference; explicitFileType = wrapper.cfbundle; includeInIndex = 0; path = WaseiUITests.xctest; sourceTree = BUILT_PRODUCTS_DIR; };
		7AA3F3DA1BDA2BAB00DFE0AB /* WaseiUITests.swift */ = {isa = PBXFileReference; lastKnownFileType = sourcecode.swift; path = WaseiUITests.swift; sourceTree = "<group>"; };
		7AA3F3DC1BDA2BAB00DFE0AB /* Info.plist */ = {isa = PBXFileReference; lastKnownFileType = text.plist.xml; path = Info.plist; sourceTree = "<group>"; };
		7AA3F3EB1BDA2D3E00DFE0AB /* RAMBounceAnimation.swift */ = {isa = PBXFileReference; fileEncoding = 4; lastKnownFileType = sourcecode.swift; path = RAMBounceAnimation.swift; sourceTree = "<group>"; };
		7AA3F3ED1BDA2D3E00DFE0AB /* RAMFrameItemAnimation.swift */ = {isa = PBXFileReference; fileEncoding = 4; lastKnownFileType = sourcecode.swift; path = RAMFrameItemAnimation.swift; sourceTree = "<group>"; };
		7AA3F3EF1BDA2D3E00DFE0AB /* RAMFumeAnimation.swift */ = {isa = PBXFileReference; fileEncoding = 4; lastKnownFileType = sourcecode.swift; path = RAMFumeAnimation.swift; sourceTree = "<group>"; };
		7AA3F3F11BDA2D3E00DFE0AB /* RAMRotationAnimation.swift */ = {isa = PBXFileReference; fileEncoding = 4; lastKnownFileType = sourcecode.swift; path = RAMRotationAnimation.swift; sourceTree = "<group>"; };
		7AA3F3F31BDA2D3E00DFE0AB /* RAMTransitionItemAnimation.swift */ = {isa = PBXFileReference; fileEncoding = 4; lastKnownFileType = sourcecode.swift; path = RAMTransitionItemAnimation.swift; sourceTree = "<group>"; };
		7AA3F3F41BDA2D3E00DFE0AB /* RAMAnimatedTabBarController.swift */ = {isa = PBXFileReference; fileEncoding = 4; lastKnownFileType = sourcecode.swift; path = RAMAnimatedTabBarController.swift; sourceTree = "<group>"; };
		7AA3F3F51BDA2D3E00DFE0AB /* RAMItemAnimationProtocol.swift */ = {isa = PBXFileReference; fileEncoding = 4; lastKnownFileType = sourcecode.swift; path = RAMItemAnimationProtocol.swift; sourceTree = "<group>"; };
		7AA3F3FD1BDA322400DFE0AB /* FavoritesTableViewController.swift */ = {isa = PBXFileReference; fileEncoding = 4; lastKnownFileType = sourcecode.swift; path = FavoritesTableViewController.swift; sourceTree = "<group>"; };
		7AA3F4031BDA374A00DFE0AB /* ExploreTableViewController.swift */ = {isa = PBXFileReference; fileEncoding = 4; lastKnownFileType = sourcecode.swift; path = ExploreTableViewController.swift; sourceTree = "<group>"; };
		7ACE797E1BDA4FCF0083A4AC /* AboutTableViewController.swift */ = {isa = PBXFileReference; fileEncoding = 4; lastKnownFileType = sourcecode.swift; path = AboutTableViewController.swift; sourceTree = "<group>"; };
/* End PBXFileReference section */

/* Begin PBXFrameworksBuildPhase section */
		7AA3F3B41BDA2BAB00DFE0AB /* Frameworks */ = {
			isa = PBXFrameworksBuildPhase;
			buildActionMask = 2147483647;
			files = (
				7A183FCE1BDE7C1B00B37B47 /* MapKit.framework in Frameworks */,
				7A183FE41BE20B3B00B37B47 /* CloudKit.framework in Frameworks */,
			);
			runOnlyForDeploymentPostprocessing = 0;
		};
		7AA3F3C81BDA2BAB00DFE0AB /* Frameworks */ = {
			isa = PBXFrameworksBuildPhase;
			buildActionMask = 2147483647;
			files = (
			);
			runOnlyForDeploymentPostprocessing = 0;
		};
		7AA3F3D31BDA2BAB00DFE0AB /* Frameworks */ = {
			isa = PBXFrameworksBuildPhase;
			buildActionMask = 2147483647;
			files = (
			);
			runOnlyForDeploymentPostprocessing = 0;
		};
/* End PBXFrameworksBuildPhase section */

/* Begin PBXGroup section */
		7A183FC51BDDDC3800B37B47 /* Cells */ = {
			isa = PBXGroup;
			children = (
				7A183FC31BDDDC1D00B37B47 /* FavoritesTableViewCell.swift */,
				7A183FC91BDDE84800B37B47 /* DetailsTableViewCell.swift */,
			);
			name = Cells;
			sourceTree = "<group>";
		};
		7A183FC81BDDE58C00B37B47 /* Controllers */ = {
			isa = PBXGroup;
			children = (
				7AA3F3FD1BDA322400DFE0AB /* FavoritesTableViewController.swift */,
				7AA3F4031BDA374A00DFE0AB /* ExploreTableViewController.swift */,
				7A183FD61BDF27B500B37B47 /* AddPlaceTableViewController.swift */,
				7ACE797E1BDA4FCF0083A4AC /* AboutTableViewController.swift */,
				7A183FE01BE124EF00B37B47 /* WebViewController.swift */,
				7A183FC61BDDDF5100B37B47 /* DetailsViewController.swift */,
				7A183FCB1BDE791200B37B47 /* ReviewViewController.swift */,
				7A183FD01BDE7D0400B37B47 /* MapViewController.swift */,
				7A183FDD1BE11B4D00B37B47 /* WalkthroughPageViewController.swift */,
				7A183FDB1BE11A6400B37B47 /* WalkthroughContentViewController.swift */,
			);
			name = Controllers;
			sourceTree = "<group>";
		};
		7A183FCF1BDE7C2800B37B47 /* Frameworks */ = {
			isa = PBXGroup;
			children = (
				7A183FE31BE20B3B00B37B47 /* CloudKit.framework */,
				7A183FCD1BDE7C1B00B37B47 /* MapKit.framework */,
			);
			name = Frameworks;
			sourceTree = "<group>";
		};
		7A183FDF1BE11C8C00B37B47 /* CoreData */ = {
			isa = PBXGroup;
			children = (
				7A183FD81BE05EDC00B37B47 /* Wasei.xcdatamodeld */,
			);
			name = CoreData;
			sourceTree = "<group>";
		};
		7AA3F3AE1BDA2BAB00DFE0AB = {
			isa = PBXGroup;
			children = (
				7AA3F3B91BDA2BAB00DFE0AB /* Wasei */,
				7A183FDF1BE11C8C00B37B47 /* CoreData */,
				7A183FCF1BDE7C2800B37B47 /* Frameworks */,
				7AA3F3CE1BDA2BAB00DFE0AB /* WaseiTests */,
				7AA3F3D91BDA2BAB00DFE0AB /* WaseiUITests */,
				7AA3F3B81BDA2BAB00DFE0AB /* Products */,
			);
			sourceTree = "<group>";
		};
		7AA3F3B81BDA2BAB00DFE0AB /* Products */ = {
			isa = PBXGroup;
			children = (
				7AA3F3B71BDA2BAB00DFE0AB /* Wasei.app */,
				7AA3F3CB1BDA2BAB00DFE0AB /* WaseiTests.xctest */,
				7AA3F3D61BDA2BAB00DFE0AB /* WaseiUITests.xctest */,
			);
			name = Products;
			sourceTree = "<group>";
		};
		7AA3F3B91BDA2BAB00DFE0AB /* Wasei */ = {
			isa = PBXGroup;
			children = (
				7A183FE21BE20B2B00B37B47 /* Wasei.entitlements */,
				7A183FC81BDDE58C00B37B47 /* Controllers */,
				7A183FD41BDF26E300B37B47 /* Place.swift */,
				7A183FC51BDDDC3800B37B47 /* Cells */,
				7AA3F3BE1BDA2BAB00DFE0AB /* Main.storyboard */,
				7AA3F4021BDA36A100DFE0AB /* Resources */,
				7AA3F4011BDA369700DFE0AB /* Supporting Files */,
			);
			path = Wasei;
			sourceTree = "<group>";
		};
		7AA3F3CE1BDA2BAB00DFE0AB /* WaseiTests */ = {
			isa = PBXGroup;
			children = (
				7AA3F3CF1BDA2BAB00DFE0AB /* WaseiTests.swift */,
				7AA3F3D11BDA2BAB00DFE0AB /* Info.plist */,
			);
			path = WaseiTests;
			sourceTree = "<group>";
		};
		7AA3F3D91BDA2BAB00DFE0AB /* WaseiUITests */ = {
			isa = PBXGroup;
			children = (
				7AA3F3DA1BDA2BAB00DFE0AB /* WaseiUITests.swift */,
				7AA3F3DC1BDA2BAB00DFE0AB /* Info.plist */,
			);
			path = WaseiUITests;
			sourceTree = "<group>";
		};
		7AA3F3E81BDA2D3E00DFE0AB /* RAMAnimatedTabBarController */ = {
			isa = PBXGroup;
			children = (
				7AA3F3E91BDA2D3E00DFE0AB /* Animations */,
				7AA3F3F41BDA2D3E00DFE0AB /* RAMAnimatedTabBarController.swift */,
				7AA3F3F51BDA2D3E00DFE0AB /* RAMItemAnimationProtocol.swift */,
			);
			path = RAMAnimatedTabBarController;
			sourceTree = "<group>";
		};
		7AA3F3E91BDA2D3E00DFE0AB /* Animations */ = {
			isa = PBXGroup;
			children = (
				7AA3F3EA1BDA2D3E00DFE0AB /* BounceAnimation */,
				7AA3F3EC1BDA2D3E00DFE0AB /* FrameAnimation */,
				7AA3F3EE1BDA2D3E00DFE0AB /* FumeAnimation */,
				7AA3F3F01BDA2D3E00DFE0AB /* RotationAnimation */,
				7AA3F3F21BDA2D3E00DFE0AB /* TransitionAniamtions */,
			);
			path = Animations;
			sourceTree = "<group>";
		};
		7AA3F3EA1BDA2D3E00DFE0AB /* BounceAnimation */ = {
			isa = PBXGroup;
			children = (
				7AA3F3EB1BDA2D3E00DFE0AB /* RAMBounceAnimation.swift */,
			);
			path = BounceAnimation;
			sourceTree = "<group>";
		};
		7AA3F3EC1BDA2D3E00DFE0AB /* FrameAnimation */ = {
			isa = PBXGroup;
			children = (
				7AA3F3ED1BDA2D3E00DFE0AB /* RAMFrameItemAnimation.swift */,
			);
			path = FrameAnimation;
			sourceTree = "<group>";
		};
		7AA3F3EE1BDA2D3E00DFE0AB /* FumeAnimation */ = {
			isa = PBXGroup;
			children = (
				7AA3F3EF1BDA2D3E00DFE0AB /* RAMFumeAnimation.swift */,
			);
			path = FumeAnimation;
			sourceTree = "<group>";
		};
		7AA3F3F01BDA2D3E00DFE0AB /* RotationAnimation */ = {
			isa = PBXGroup;
			children = (
				7AA3F3F11BDA2D3E00DFE0AB /* RAMRotationAnimation.swift */,
			);
			path = RotationAnimation;
			sourceTree = "<group>";
		};
		7AA3F3F21BDA2D3E00DFE0AB /* TransitionAniamtions */ = {
			isa = PBXGroup;
			children = (
				7AA3F3F31BDA2D3E00DFE0AB /* RAMTransitionItemAnimation.swift */,
			);
			path = TransitionAniamtions;
			sourceTree = "<group>";
		};
		7AA3F4011BDA369700DFE0AB /* Supporting Files */ = {
			isa = PBXGroup;
			children = (
				7AA3F3BA1BDA2BAB00DFE0AB /* AppDelegate.swift */,
				7AA3F3C31BDA2BAB00DFE0AB /* LaunchScreen.storyboard */,
				7AA3F3C11BDA2BAB00DFE0AB /* Assets.xcassets */,
				7AA3F3C61BDA2BAB00DFE0AB /* Info.plist */,
			);
			name = "Supporting Files";
			sourceTree = "<group>";
		};
		7AA3F4021BDA36A100DFE0AB /* Resources */ = {
			isa = PBXGroup;
			children = (
				7AA3F3E81BDA2D3E00DFE0AB /* RAMAnimatedTabBarController */,
			);
			name = Resources;
			sourceTree = "<group>";
		};
/* End PBXGroup section */

/* Begin PBXNativeTarget section */
		7AA3F3B61BDA2BAB00DFE0AB /* Wasei */ = {
			isa = PBXNativeTarget;
			buildConfigurationList = 7AA3F3DF1BDA2BAB00DFE0AB /* Build configuration list for PBXNativeTarget "Wasei" */;
			buildPhases = (
				7AA3F3B31BDA2BAB00DFE0AB /* Sources */,
				7AA3F3B41BDA2BAB00DFE0AB /* Frameworks */,
				7AA3F3B51BDA2BAB00DFE0AB /* Resources */,
			);
			buildRules = (
			);
			dependencies = (
			);
			name = Wasei;
			productName = Wasei;
			productReference = 7AA3F3B71BDA2BAB00DFE0AB /* Wasei.app */;
			productType = "com.apple.product-type.application";
		};
		7AA3F3CA1BDA2BAB00DFE0AB /* WaseiTests */ = {
			isa = PBXNativeTarget;
			buildConfigurationList = 7AA3F3E21BDA2BAB00DFE0AB /* Build configuration list for PBXNativeTarget "WaseiTests" */;
			buildPhases = (
				7AA3F3C71BDA2BAB00DFE0AB /* Sources */,
				7AA3F3C81BDA2BAB00DFE0AB /* Frameworks */,
				7AA3F3C91BDA2BAB00DFE0AB /* Resources */,
			);
			buildRules = (
			);
			dependencies = (
				7AA3F3CD1BDA2BAB00DFE0AB /* PBXTargetDependency */,
			);
			name = WaseiTests;
			productName = WaseiTests;
			productReference = 7AA3F3CB1BDA2BAB00DFE0AB /* WaseiTests.xctest */;
			productType = "com.apple.product-type.bundle.unit-test";
		};
		7AA3F3D51BDA2BAB00DFE0AB /* WaseiUITests */ = {
			isa = PBXNativeTarget;
			buildConfigurationList = 7AA3F3E51BDA2BAB00DFE0AB /* Build configuration list for PBXNativeTarget "WaseiUITests" */;
			buildPhases = (
				7AA3F3D21BDA2BAB00DFE0AB /* Sources */,
				7AA3F3D31BDA2BAB00DFE0AB /* Frameworks */,
				7AA3F3D41BDA2BAB00DFE0AB /* Resources */,
			);
			buildRules = (
			);
			dependencies = (
				7AA3F3D81BDA2BAB00DFE0AB /* PBXTargetDependency */,
			);
			name = WaseiUITests;
			productName = WaseiUITests;
			productReference = 7AA3F3D61BDA2BAB00DFE0AB /* WaseiUITests.xctest */;
			productType = "com.apple.product-type.bundle.ui-testing";
		};
/* End PBXNativeTarget section */

/* Begin PBXProject section */
		7AA3F3AF1BDA2BAB00DFE0AB /* Project object */ = {
			isa = PBXProject;
			attributes = {
				LastSwiftUpdateCheck = 0710;
				LastUpgradeCheck = 0710;
				ORGANIZATIONNAME = "Chris Kong";
				TargetAttributes = {
					7AA3F3B61BDA2BAB00DFE0AB = {
						CreatedOnToolsVersion = 7.1;
						DevelopmentTeam = KG5698275Z;
						SystemCapabilities = {
							com.apple.Maps.iOS = {
								enabled = 1;
							};
							com.apple.iCloud = {
								enabled = 1;
							};
						};
					};
					7AA3F3CA1BDA2BAB00DFE0AB = {
						CreatedOnToolsVersion = 7.1;
						TestTargetID = 7AA3F3B61BDA2BAB00DFE0AB;
					};
					7AA3F3D51BDA2BAB00DFE0AB = {
						CreatedOnToolsVersion = 7.1;
						TestTargetID = 7AA3F3B61BDA2BAB00DFE0AB;
					};
				};
			};
			buildConfigurationList = 7AA3F3B21BDA2BAB00DFE0AB /* Build configuration list for PBXProject "Wasei" */;
			compatibilityVersion = "Xcode 3.2";
			developmentRegion = English;
			hasScannedForEncodings = 0;
			knownRegions = (
				en,
				Base,
			);
			mainGroup = 7AA3F3AE1BDA2BAB00DFE0AB;
			productRefGroup = 7AA3F3B81BDA2BAB00DFE0AB /* Products */;
			projectDirPath = "";
			projectRoot = "";
			targets = (
				7AA3F3B61BDA2BAB00DFE0AB /* Wasei */,
				7AA3F3CA1BDA2BAB00DFE0AB /* WaseiTests */,
				7AA3F3D51BDA2BAB00DFE0AB /* WaseiUITests */,
			);
		};
/* End PBXProject section */

/* Begin PBXResourcesBuildPhase section */
		7AA3F3B51BDA2BAB00DFE0AB /* Resources */ = {
			isa = PBXResourcesBuildPhase;
			buildActionMask = 2147483647;
			files = (
				7AA3F3C51BDA2BAB00DFE0AB /* LaunchScreen.storyboard in Resources */,
				7AA3F3C21BDA2BAB00DFE0AB /* Assets.xcassets in Resources */,
				7AA3F3C01BDA2BAB00DFE0AB /* Main.storyboard in Resources */,
			);
			runOnlyForDeploymentPostprocessing = 0;
		};
		7AA3F3C91BDA2BAB00DFE0AB /* Resources */ = {
			isa = PBXResourcesBuildPhase;
			buildActionMask = 2147483647;
			files = (
			);
			runOnlyForDeploymentPostprocessing = 0;
		};
		7AA3F3D41BDA2BAB00DFE0AB /* Resources */ = {
			isa = PBXResourcesBuildPhase;
			buildActionMask = 2147483647;
			files = (
			);
			runOnlyForDeploymentPostprocessing = 0;
		};
/* End PBXResourcesBuildPhase section */

/* Begin PBXSourcesBuildPhase section */
		7AA3F3B31BDA2BAB00DFE0AB /* Sources */ = {
			isa = PBXSourcesBuildPhase;
			buildActionMask = 2147483647;
			files = (
				7AA3F3F81BDA2D3E00DFE0AB /* RAMFumeAnimation.swift in Sources */,
				7A183FE11BE124EF00B37B47 /* WebViewController.swift in Sources */,
				7A183FD51BDF26E300B37B47 /* Place.swift in Sources */,
				7AA3F3F71BDA2D3E00DFE0AB /* RAMFrameItemAnimation.swift in Sources */,
				7A183FDC1BE11A6400B37B47 /* WalkthroughContentViewController.swift in Sources */,
				7AA3F3FC1BDA2D3E00DFE0AB /* RAMItemAnimationProtocol.swift in Sources */,
				7A183FDA1BE05EDC00B37B47 /* Wasei.xcdatamodeld in Sources */,
				7A183FDE1BE11B4D00B37B47 /* WalkthroughPageViewController.swift in Sources */,
				7AA3F3FE1BDA322400DFE0AB /* FavoritesTableViewController.swift in Sources */,
				7AA3F4041BDA374A00DFE0AB /* ExploreTableViewController.swift in Sources */,
				7AA3F3F61BDA2D3E00DFE0AB /* RAMBounceAnimation.swift in Sources */,
				7A183FCC1BDE791200B37B47 /* ReviewViewController.swift in Sources */,
				7A183FCA1BDDE84800B37B47 /* DetailsTableViewCell.swift in Sources */,
				7AA3F3FA1BDA2D3E00DFE0AB /* RAMTransitionItemAnimation.swift in Sources */,
				7AA3F3FB1BDA2D3E00DFE0AB /* RAMAnimatedTabBarController.swift in Sources */,
				7A183FC41BDDDC1D00B37B47 /* FavoritesTableViewCell.swift in Sources */,
				7AA3F3BB1BDA2BAB00DFE0AB /* AppDelegate.swift in Sources */,
				7A183FC71BDDDF5100B37B47 /* DetailsViewController.swift in Sources */,
				7AA3F3F91BDA2D3E00DFE0AB /* RAMRotationAnimation.swift in Sources */,
				7ACE797F1BDA4FCF0083A4AC /* AboutTableViewController.swift in Sources */,
				7A183FD11BDE7D0400B37B47 /* MapViewController.swift in Sources */,
				7A183FD71BDF27B500B37B47 /* AddPlaceTableViewController.swift in Sources */,
			);
			runOnlyForDeploymentPostprocessing = 0;
		};
		7AA3F3C71BDA2BAB00DFE0AB /* Sources */ = {
			isa = PBXSourcesBuildPhase;
			buildActionMask = 2147483647;
			files = (
				7AA3F3D01BDA2BAB00DFE0AB /* WaseiTests.swift in Sources */,
			);
			runOnlyForDeploymentPostprocessing = 0;
		};
		7AA3F3D21BDA2BAB00DFE0AB /* Sources */ = {
			isa = PBXSourcesBuildPhase;
			buildActionMask = 2147483647;
			files = (
				7AA3F3DB1BDA2BAB00DFE0AB /* WaseiUITests.swift in Sources */,
			);
			runOnlyForDeploymentPostprocessing = 0;
		};
/* End PBXSourcesBuildPhase section */

/* Begin PBXTargetDependency section */
		7AA3F3CD1BDA2BAB00DFE0AB /* PBXTargetDependency */ = {
			isa = PBXTargetDependency;
			target = 7AA3F3B61BDA2BAB00DFE0AB /* Wasei */;
			targetProxy = 7AA3F3CC1BDA2BAB00DFE0AB /* PBXContainerItemProxy */;
		};
		7AA3F3D81BDA2BAB00DFE0AB /* PBXTargetDependency */ = {
			isa = PBXTargetDependency;
			target = 7AA3F3B61BDA2BAB00DFE0AB /* Wasei */;
			targetProxy = 7AA3F3D71BDA2BAB00DFE0AB /* PBXContainerItemProxy */;
		};
/* End PBXTargetDependency section */

/* Begin PBXVariantGroup section */
		7AA3F3BE1BDA2BAB00DFE0AB /* Main.storyboard */ = {
			isa = PBXVariantGroup;
			children = (
				7AA3F3BF1BDA2BAB00DFE0AB /* Base */,
			);
			name = Main.storyboard;
			sourceTree = "<group>";
		};
		7AA3F3C31BDA2BAB00DFE0AB /* LaunchScreen.storyboard */ = {
			isa = PBXVariantGroup;
			children = (
				7AA3F3C41BDA2BAB00DFE0AB /* Base */,
			);
			name = LaunchScreen.storyboard;
			sourceTree = "<group>";
		};
/* End PBXVariantGroup section */

/* Begin XCBuildConfiguration section */
		7AA3F3DD1BDA2BAB00DFE0AB /* Debug */ = {
			isa = XCBuildConfiguration;
			buildSettings = {
				ALWAYS_SEARCH_USER_PATHS = NO;
				CLANG_CXX_LANGUAGE_STANDARD = "gnu++0x";
				CLANG_CXX_LIBRARY = "libc++";
				CLANG_ENABLE_MODULES = YES;
				CLANG_ENABLE_OBJC_ARC = YES;
				CLANG_WARN_BOOL_CONVERSION = YES;
				CLANG_WARN_CONSTANT_CONVERSION = YES;
				CLANG_WARN_DIRECT_OBJC_ISA_USAGE = YES_ERROR;
				CLANG_WARN_EMPTY_BODY = YES;
				CLANG_WARN_ENUM_CONVERSION = YES;
				CLANG_WARN_INT_CONVERSION = YES;
				CLANG_WARN_OBJC_ROOT_CLASS = YES_ERROR;
				CLANG_WARN_UNREACHABLE_CODE = YES;
				CLANG_WARN__DUPLICATE_METHOD_MATCH = YES;
				"CODE_SIGN_IDENTITY[sdk=iphoneos*]" = "iPhone Developer";
				COPY_PHASE_STRIP = NO;
				DEBUG_INFORMATION_FORMAT = dwarf;
				ENABLE_STRICT_OBJC_MSGSEND = YES;
				ENABLE_TESTABILITY = YES;
				GCC_C_LANGUAGE_STANDARD = gnu99;
				GCC_DYNAMIC_NO_PIC = NO;
				GCC_NO_COMMON_BLOCKS = YES;
				GCC_OPTIMIZATION_LEVEL = 0;
				GCC_PREPROCESSOR_DEFINITIONS = (
					"DEBUG=1",
					"$(inherited)",
				);
				GCC_WARN_64_TO_32_BIT_CONVERSION = YES;
				GCC_WARN_ABOUT_RETURN_TYPE = YES_ERROR;
				GCC_WARN_UNDECLARED_SELECTOR = YES;
				GCC_WARN_UNINITIALIZED_AUTOS = YES_AGGRESSIVE;
				GCC_WARN_UNUSED_FUNCTION = YES;
				GCC_WARN_UNUSED_VARIABLE = YES;
				IPHONEOS_DEPLOYMENT_TARGET = 9.1;
				MTL_ENABLE_DEBUG_INFO = YES;
				ONLY_ACTIVE_ARCH = YES;
				SDKROOT = iphoneos;
				SWIFT_OPTIMIZATION_LEVEL = "-Onone";
			};
			name = Debug;
		};
		7AA3F3DE1BDA2BAB00DFE0AB /* Release */ = {
			isa = XCBuildConfiguration;
			buildSettings = {
				ALWAYS_SEARCH_USER_PATHS = NO;
				CLANG_CXX_LANGUAGE_STANDARD = "gnu++0x";
				CLANG_CXX_LIBRARY = "libc++";
				CLANG_ENABLE_MODULES = YES;
				CLANG_ENABLE_OBJC_ARC = YES;
				CLANG_WARN_BOOL_CONVERSION = YES;
				CLANG_WARN_CONSTANT_CONVERSION = YES;
				CLANG_WARN_DIRECT_OBJC_ISA_USAGE = YES_ERROR;
				CLANG_WARN_EMPTY_BODY = YES;
				CLANG_WARN_ENUM_CONVERSION = YES;
				CLANG_WARN_INT_CONVERSION = YES;
				CLANG_WARN_OBJC_ROOT_CLASS = YES_ERROR;
				CLANG_WARN_UNREACHABLE_CODE = YES;
				CLANG_WARN__DUPLICATE_METHOD_MATCH = YES;
				"CODE_SIGN_IDENTITY[sdk=iphoneos*]" = "iPhone Developer";
				COPY_PHASE_STRIP = NO;
				DEBUG_INFORMATION_FORMAT = "dwarf-with-dsym";
				ENABLE_NS_ASSERTIONS = NO;
				ENABLE_STRICT_OBJC_MSGSEND = YES;
				GCC_C_LANGUAGE_STANDARD = gnu99;
				GCC_NO_COMMON_BLOCKS = YES;
				GCC_WARN_64_TO_32_BIT_CONVERSION = YES;
				GCC_WARN_ABOUT_RETURN_TYPE = YES_ERROR;
				GCC_WARN_UNDECLARED_SELECTOR = YES;
				GCC_WARN_UNINITIALIZED_AUTOS = YES_AGGRESSIVE;
				GCC_WARN_UNUSED_FUNCTION = YES;
				GCC_WARN_UNUSED_VARIABLE = YES;
				IPHONEOS_DEPLOYMENT_TARGET = 9.1;
				MTL_ENABLE_DEBUG_INFO = NO;
				SDKROOT = iphoneos;
				VALIDATE_PRODUCT = YES;
			};
			name = Release;
		};
		7AA3F3E01BDA2BAB00DFE0AB /* Debug */ = {
			isa = XCBuildConfiguration;
			buildSettings = {
				ASSETCATALOG_COMPILER_APPICON_NAME = AppIcon;
				CODE_SIGN_ENTITLEMENTS = Wasei/Wasei.entitlements;
				CODE_SIGN_IDENTITY = "iPhone Developer";
				"CODE_SIGN_IDENTITY[sdk=iphoneos*]" = "iPhone Developer";
				INFOPLIST_FILE = Wasei/Info.plist;
				LD_RUNPATH_SEARCH_PATHS = "$(inherited) @executable_path/Frameworks";
				PRODUCT_BUNDLE_IDENTIFIER = com.chrisjkong.Wasei;
				PRODUCT_NAME = "$(TARGET_NAME)";
				PROVISIONING_PROFILE = "";
			};
			name = Debug;
		};
		7AA3F3E11BDA2BAB00DFE0AB /* Release */ = {
			isa = XCBuildConfiguration;
			buildSettings = {
				ASSETCATALOG_COMPILER_APPICON_NAME = AppIcon;
				CODE_SIGN_ENTITLEMENTS = Wasei/Wasei.entitlements;
				CODE_SIGN_IDENTITY = "iPhone Developer";
				"CODE_SIGN_IDENTITY[sdk=iphoneos*]" = "iPhone Developer";
				INFOPLIST_FILE = Wasei/Info.plist;
				LD_RUNPATH_SEARCH_PATHS = "$(inherited) @executable_path/Frameworks";
				PRODUCT_BUNDLE_IDENTIFIER = com.chrisjkong.Wasei;
				PRODUCT_NAME = "$(TARGET_NAME)";
				PROVISIONING_PROFILE = "";
			};
			name = Release;
		};
		7AA3F3E31BDA2BAB00DFE0AB /* Debug */ = {
			isa = XCBuildConfiguration;
			buildSettings = {
				BUNDLE_LOADER = "$(TEST_HOST)";
				INFOPLIST_FILE = WaseiTests/Info.plist;
				LD_RUNPATH_SEARCH_PATHS = "$(inherited) @executable_path/Frameworks @loader_path/Frameworks";
				PRODUCT_BUNDLE_IDENTIFIER = com.chrisjkong.WaseiTests;
				PRODUCT_NAME = "$(TARGET_NAME)";
				TEST_HOST = "$(BUILT_PRODUCTS_DIR)/Wasei.app/Wasei";
			};
			name = Debug;
		};
		7AA3F3E41BDA2BAB00DFE0AB /* Release */ = {
			isa = XCBuildConfiguration;
			buildSettings = {
				BUNDLE_LOADER = "$(TEST_HOST)";
				INFOPLIST_FILE = WaseiTests/Info.plist;
				LD_RUNPATH_SEARCH_PATHS = "$(inherited) @executable_path/Frameworks @loader_path/Frameworks";
				PRODUCT_BUNDLE_IDENTIFIER = com.chrisjkong.WaseiTests;
				PRODUCT_NAME = "$(TARGET_NAME)";
				TEST_HOST = "$(BUILT_PRODUCTS_DIR)/Wasei.app/Wasei";
			};
			name = Release;
		};
		7AA3F3E61BDA2BAB00DFE0AB /* Debug */ = {
			isa = XCBuildConfiguration;
			buildSettings = {
				INFOPLIST_FILE = WaseiUITests/Info.plist;
				LD_RUNPATH_SEARCH_PATHS = "$(inherited) @executable_path/Frameworks @loader_path/Frameworks";
				PRODUCT_BUNDLE_IDENTIFIER = com.chrisjkong.WaseiUITests;
				PRODUCT_NAME = "$(TARGET_NAME)";
				TEST_TARGET_NAME = Wasei;
				USES_XCTRUNNER = YES;
			};
			name = Debug;
		};
		7AA3F3E71BDA2BAB00DFE0AB /* Release */ = {
			isa = XCBuildConfiguration;
			buildSettings = {
				INFOPLIST_FILE = WaseiUITests/Info.plist;
				LD_RUNPATH_SEARCH_PATHS = "$(inherited) @executable_path/Frameworks @loader_path/Frameworks";
				PRODUCT_BUNDLE_IDENTIFIER = com.chrisjkong.WaseiUITests;
				PRODUCT_NAME = "$(TARGET_NAME)";
				TEST_TARGET_NAME = Wasei;
				USES_XCTRUNNER = YES;
			};
			name = Release;
		};
/* End XCBuildConfiguration section */

/* Begin XCConfigurationList section */
		7AA3F3B21BDA2BAB00DFE0AB /* Build configuration list for PBXProject "Wasei" */ = {
			isa = XCConfigurationList;
			buildConfigurations = (
				7AA3F3DD1BDA2BAB00DFE0AB /* Debug */,
				7AA3F3DE1BDA2BAB00DFE0AB /* Release */,
			);
			defaultConfigurationIsVisible = 0;
			defaultConfigurationName = Release;
		};
		7AA3F3DF1BDA2BAB00DFE0AB /* Build configuration list for PBXNativeTarget "Wasei" */ = {
			isa = XCConfigurationList;
			buildConfigurations = (
				7AA3F3E01BDA2BAB00DFE0AB /* Debug */,
				7AA3F3E11BDA2BAB00DFE0AB /* Release */,
			);
			defaultConfigurationIsVisible = 0;
			defaultConfigurationName = Release;
		};
		7AA3F3E21BDA2BAB00DFE0AB /* Build configuration list for PBXNativeTarget "WaseiTests" */ = {
			isa = XCConfigurationList;
			buildConfigurations = (
				7AA3F3E31BDA2BAB00DFE0AB /* Debug */,
				7AA3F3E41BDA2BAB00DFE0AB /* Release */,
			);
			defaultConfigurationIsVisible = 0;
			defaultConfigurationName = Release;
		};
		7AA3F3E51BDA2BAB00DFE0AB /* Build configuration list for PBXNativeTarget "WaseiUITests" */ = {
			isa = XCConfigurationList;
			buildConfigurations = (
				7AA3F3E61BDA2BAB00DFE0AB /* Debug */,
				7AA3F3E71BDA2BAB00DFE0AB /* Release */,
			);
			defaultConfigurationIsVisible = 0;
			defaultConfigurationName = Release;
		};
/* End XCConfigurationList section */

/* Begin XCVersionGroup section */
		7A183FD81BE05EDC00B37B47 /* Wasei.xcdatamodeld */ = {
			isa = XCVersionGroup;
			children = (
				7A183FD91BE05EDC00B37B47 /* Wasei.xcdatamodel */,
			);
			currentVersion = 7A183FD91BE05EDC00B37B47 /* Wasei.xcdatamodel */;
			path = Wasei.xcdatamodeld;
			sourceTree = "<group>";
			versionGroupType = wrapper.xcdatamodel;
		};
/* End XCVersionGroup section */
	};
	rootObject = 7AA3F3AF1BDA2BAB00DFE0AB /* Project object */;
}
